
Microsoft Visual Studio Solution File, Format Version 12.00
# Visual Studio 15
VisualStudioVersion = 15.0.27130.2036
MinimumVisualStudioVersion = 10.0.40219.1
Project("{2150E333-8FDC-42A3-9474-1A3956D46DE8}") = "src", "src", "{1F2C70E6-90B7-4987-8E1F-F582FBE5E5F3}"
EndProject
Project("{9A19103F-16F7-4668-BE54-9A1E7A4F7556}") = "SiCo.Utilities.Generics", "src\SiCo.Utilities.Generics\SiCo.Utilities.Generics.csproj", "{4CEBDB65-E52E-4C5E-8CA7-A975FE9BE77B}"
EndProject
Project("{2150E333-8FDC-42A3-9474-1A3956D46DE8}") = "test", "test", "{FDB86AE2-6E01-4636-805C-1CA02EFD014C}"
EndProject
Project("{9A19103F-16F7-4668-BE54-9A1E7A4F7556}") = "xunit.netcore.extensions", "src\xunit.netcore.extensions\xunit.netcore.extensions.csproj", "{559200EE-735D-4794-B790-7E1F236F4D69}"
EndProject
Project("{9A19103F-16F7-4668-BE54-9A1E7A4F7556}") = "SiCo.Utilities.Helper", "src\SiCo.Utilities.Helper\SiCo.Utilities.Helper.csproj", "{67D9F075-4AD9-49F8-A8BE-F792E2BF72A9}"
EndProject
Project("{9A19103F-16F7-4668-BE54-9A1E7A4F7556}") = "SiCo.Utilities.I18n", "src\SiCo.Utilities.I18n\SiCo.Utilities.I18n.csproj", "{C4DBC481-A160-4F41-8D20-155184C2ACD5}"
EndProject
Project("{9A19103F-16F7-4668-BE54-9A1E7A4F7556}") = "SiCo.Utilities.Helper.Test", "test\SiCo.Utilities.Helper.Test\SiCo.Utilities.Helper.Test.csproj", "{707EC4AF-8346-42C9-B489-E79B377A85B9}"
EndProject
Project("{9A19103F-16F7-4668-BE54-9A1E7A4F7556}") = "SiCo.Utilities.Generics.Test", "test\SiCo.Utilities.Generics.Test\SiCo.Utilities.Generics.Test.csproj", "{60508165-8C6D-4AA3-9A3A-6E366D63A2D4}"
EndProject
Project("{9A19103F-16F7-4668-BE54-9A1E7A4F7556}") = "SiCo.Utilities.Compression", "src\SiCo.Utilities.Compression\SiCo.Utilities.Compression.csproj", "{6C87DDB8-E8E8-4E88-8C6A-93EB120D5C40}"
EndProject
Project("{9A19103F-16F7-4668-BE54-9A1E7A4F7556}") = "SiCo.Utilities.CSV", "src\SiCo.Utilities.CSV\SiCo.Utilities.CSV.csproj", "{290A1774-A145-48D2-BFDA-83B98132DBF7}"
EndProject
Project("{9A19103F-16F7-4668-BE54-9A1E7A4F7556}") = "SiCo.Utilities.Json", "src\SiCo.Utilities.Json\SiCo.Utilities.Json.csproj", "{0DD9C068-4631-42ED-8144-BCD556A6DC3A}"
EndProject
Project("{9A19103F-16F7-4668-BE54-9A1E7A4F7556}") = "SiCo.Utilities.Pgsql", "src\SiCo.Utilities.Pgsql\SiCo.Utilities.Pgsql.csproj", "{31305662-A11A-4698-B9A5-68E26038B23E}"
EndProject
Project("{9A19103F-16F7-4668-BE54-9A1E7A4F7556}") = "SiCo.Utilities.Crypto", "src\SiCo.Utilities.Crypto\SiCo.Utilities.Crypto.csproj", "{816669C4-C66B-4C8D-AB75-DF2ACE55FE0D}"
EndProject
Project("{9A19103F-16F7-4668-BE54-9A1E7A4F7556}") = "SiCo.Utilities.Crypto.Test", "test\SiCo.Utilities.Crypto.Test\SiCo.Utilities.Crypto.Test.csproj", "{115EB644-D57A-4000-8DA0-AB81B18DC361}"
EndProject
Project("{9A19103F-16F7-4668-BE54-9A1E7A4F7556}") = "SiCo.Utilities.Pgsql.Test", "test\SiCo.Utilities.Pgsql.Test\SiCo.Utilities.Pgsql.Test.csproj", "{AAA31A10-4E5E-44B3-A8E0-BFF903AD8041}"
EndProject
Project("{9A19103F-16F7-4668-BE54-9A1E7A4F7556}") = "SiCo.Utilities.Web.Vue", "src\SiCo.Utilities.Web.Vue\SiCo.Utilities.Web.Vue.csproj", "{5E4320E9-C004-4B36-A1E7-D566B3A6EF91}"
EndProject
Project("{9A19103F-16F7-4668-BE54-9A1E7A4F7556}") = "SiCo.Utilities.Web.Charts", "src\SiCo.Utilities.Web.Charts\SiCo.Utilities.Web.Charts.csproj", "{61916B8E-A246-49E4-BACE-18A7F641D52E}"
EndProject
Project("{2150E333-8FDC-42A3-9474-1A3956D46DE8}") = "scripts", "scripts", "{A3F55D4B-4345-4742-93DC-1B2B271BBA79}"
	ProjectSection(SolutionItems) = preProject
		scripts\nuget-publish.ps1 = scripts\nuget-publish.ps1
	EndProjectSection
EndProject
Global
	GlobalSection(SolutionConfigurationPlatforms) = preSolution
		Debug|Any CPU = Debug|Any CPU
		Release|Any CPU = Release|Any CPU
	EndGlobalSection
	GlobalSection(ProjectConfigurationPlatforms) = postSolution
		{4CEBDB65-E52E-4C5E-8CA7-A975FE9BE77B}.Debug|Any CPU.ActiveCfg = Debug|Any CPU
		{4CEBDB65-E52E-4C5E-8CA7-A975FE9BE77B}.Debug|Any CPU.Build.0 = Debug|Any CPU
		{4CEBDB65-E52E-4C5E-8CA7-A975FE9BE77B}.Release|Any CPU.ActiveCfg = Release|Any CPU
		{4CEBDB65-E52E-4C5E-8CA7-A975FE9BE77B}.Release|Any CPU.Build.0 = Release|Any CPU
		{559200EE-735D-4794-B790-7E1F236F4D69}.Debug|Any CPU.ActiveCfg = Debug|Any CPU
		{559200EE-735D-4794-B790-7E1F236F4D69}.Debug|Any CPU.Build.0 = Debug|Any CPU
		{559200EE-735D-4794-B790-7E1F236F4D69}.Release|Any CPU.ActiveCfg = Release|Any CPU
		{559200EE-735D-4794-B790-7E1F236F4D69}.Release|Any CPU.Build.0 = Release|Any CPU
		{67D9F075-4AD9-49F8-A8BE-F792E2BF72A9}.Debug|Any CPU.ActiveCfg = Debug|Any CPU
		{67D9F075-4AD9-49F8-A8BE-F792E2BF72A9}.Debug|Any CPU.Build.0 = Debug|Any CPU
		{67D9F075-4AD9-49F8-A8BE-F792E2BF72A9}.Release|Any CPU.ActiveCfg = Release|Any CPU
		{67D9F075-4AD9-49F8-A8BE-F792E2BF72A9}.Release|Any CPU.Build.0 = Release|Any CPU
		{C4DBC481-A160-4F41-8D20-155184C2ACD5}.Debug|Any CPU.ActiveCfg = Debug|Any CPU
		{C4DBC481-A160-4F41-8D20-155184C2ACD5}.Debug|Any CPU.Build.0 = Debug|Any CPU
		{C4DBC481-A160-4F41-8D20-155184C2ACD5}.Release|Any CPU.ActiveCfg = Release|Any CPU
		{C4DBC481-A160-4F41-8D20-155184C2ACD5}.Release|Any CPU.Build.0 = Release|Any CPU
		{707EC4AF-8346-42C9-B489-E79B377A85B9}.Debug|Any CPU.ActiveCfg = Debug|Any CPU
		{707EC4AF-8346-42C9-B489-E79B377A85B9}.Debug|Any CPU.Build.0 = Debug|Any CPU
		{707EC4AF-8346-42C9-B489-E79B377A85B9}.Release|Any CPU.ActiveCfg = Release|Any CPU
		{707EC4AF-8346-42C9-B489-E79B377A85B9}.Release|Any CPU.Build.0 = Release|Any CPU
		{60508165-8C6D-4AA3-9A3A-6E366D63A2D4}.Debug|Any CPU.ActiveCfg = Debug|Any CPU
		{60508165-8C6D-4AA3-9A3A-6E366D63A2D4}.Debug|Any CPU.Build.0 = Debug|Any CPU
		{60508165-8C6D-4AA3-9A3A-6E366D63A2D4}.Release|Any CPU.ActiveCfg = Release|Any CPU
		{60508165-8C6D-4AA3-9A3A-6E366D63A2D4}.Release|Any CPU.Build.0 = Release|Any CPU
		{6C87DDB8-E8E8-4E88-8C6A-93EB120D5C40}.Debug|Any CPU.ActiveCfg = Debug|Any CPU
		{6C87DDB8-E8E8-4E88-8C6A-93EB120D5C40}.Debug|Any CPU.Build.0 = Debug|Any CPU
		{6C87DDB8-E8E8-4E88-8C6A-93EB120D5C40}.Release|Any CPU.ActiveCfg = Release|Any CPU
		{6C87DDB8-E8E8-4E88-8C6A-93EB120D5C40}.Release|Any CPU.Build.0 = Release|Any CPU
		{290A1774-A145-48D2-BFDA-83B98132DBF7}.Debug|Any CPU.ActiveCfg = Debug|Any CPU
		{290A1774-A145-48D2-BFDA-83B98132DBF7}.Debug|Any CPU.Build.0 = Debug|Any CPU
		{290A1774-A145-48D2-BFDA-83B98132DBF7}.Release|Any CPU.ActiveCfg = Release|Any CPU
		{290A1774-A145-48D2-BFDA-83B98132DBF7}.Release|Any CPU.Build.0 = Release|Any CPU
		{0DD9C068-4631-42ED-8144-BCD556A6DC3A}.Debug|Any CPU.ActiveCfg = Debug|Any CPU
		{0DD9C068-4631-42ED-8144-BCD556A6DC3A}.Debug|Any CPU.Build.0 = Debug|Any CPU
		{0DD9C068-4631-42ED-8144-BCD556A6DC3A}.Release|Any CPU.ActiveCfg = Release|Any CPU
		{0DD9C068-4631-42ED-8144-BCD556A6DC3A}.Release|Any CPU.Build.0 = Release|Any CPU
		{31305662-A11A-4698-B9A5-68E26038B23E}.Debug|Any CPU.ActiveCfg = Debug|Any CPU
		{31305662-A11A-4698-B9A5-68E26038B23E}.Debug|Any CPU.Build.0 = Debug|Any CPU
		{31305662-A11A-4698-B9A5-68E26038B23E}.Release|Any CPU.ActiveCfg = Release|Any CPU
		{31305662-A11A-4698-B9A5-68E26038B23E}.Release|Any CPU.Build.0 = Release|Any CPU
		{816669C4-C66B-4C8D-AB75-DF2ACE55FE0D}.Debug|Any CPU.ActiveCfg = Debug|Any CPU
		{816669C4-C66B-4C8D-AB75-DF2ACE55FE0D}.Debug|Any CPU.Build.0 = Debug|Any CPU
		{816669C4-C66B-4C8D-AB75-DF2ACE55FE0D}.Release|Any CPU.ActiveCfg = Release|Any CPU
		{816669C4-C66B-4C8D-AB75-DF2ACE55FE0D}.Release|Any CPU.Build.0 = Release|Any CPU
		{115EB644-D57A-4000-8DA0-AB81B18DC361}.Debug|Any CPU.ActiveCfg = Debug|Any CPU
		{115EB644-D57A-4000-8DA0-AB81B18DC361}.Debug|Any CPU.Build.0 = Debug|Any CPU
		{115EB644-D57A-4000-8DA0-AB81B18DC361}.Release|Any CPU.ActiveCfg = Release|Any CPU
		{115EB644-D57A-4000-8DA0-AB81B18DC361}.Release|Any CPU.Build.0 = Release|Any CPU
		{AAA31A10-4E5E-44B3-A8E0-BFF903AD8041}.Debug|Any CPU.ActiveCfg = Debug|Any CPU
		{AAA31A10-4E5E-44B3-A8E0-BFF903AD8041}.Debug|Any CPU.Build.0 = Debug|Any CPU
		{AAA31A10-4E5E-44B3-A8E0-BFF903AD8041}.Release|Any CPU.ActiveCfg = Release|Any CPU
		{AAA31A10-4E5E-44B3-A8E0-BFF903AD8041}.Release|Any CPU.Build.0 = Release|Any CPU
		{5E4320E9-C004-4B36-A1E7-D566B3A6EF91}.Debug|Any CPU.ActiveCfg = Debug|Any CPU
		{5E4320E9-C004-4B36-A1E7-D566B3A6EF91}.Debug|Any CPU.Build.0 = Debug|Any CPU
		{5E4320E9-C004-4B36-A1E7-D566B3A6EF91}.Release|Any CPU.ActiveCfg = Release|Any CPU
		{5E4320E9-C004-4B36-A1E7-D566B3A6EF91}.Release|Any CPU.Build.0 = Release|Any CPU
		{61916B8E-A246-49E4-BACE-18A7F641D52E}.Debug|Any CPU.ActiveCfg = Debug|Any CPU
		{61916B8E-A246-49E4-BACE-18A7F641D52E}.Debug|Any CPU.Build.0 = Debug|Any CPU
		{61916B8E-A246-49E4-BACE-18A7F641D52E}.Release|Any CPU.ActiveCfg = Release|Any CPU
		{61916B8E-A246-49E4-BACE-18A7F641D52E}.Release|Any CPU.Build.0 = Release|Any CPU
	EndGlobalSection
	GlobalSection(SolutionProperties) = preSolution
		HideSolutionNode = FALSE
	EndGlobalSection
	GlobalSection(NestedProjects) = preSolution
		{4CEBDB65-E52E-4C5E-8CA7-A975FE9BE77B} = {1F2C70E6-90B7-4987-8E1F-F582FBE5E5F3}
		{559200EE-735D-4794-B790-7E1F236F4D69} = {1F2C70E6-90B7-4987-8E1F-F582FBE5E5F3}
		{67D9F075-4AD9-49F8-A8BE-F792E2BF72A9} = {1F2C70E6-90B7-4987-8E1F-F582FBE5E5F3}
		{C4DBC481-A160-4F41-8D20-155184C2ACD5} = {1F2C70E6-90B7-4987-8E1F-F582FBE5E5F3}
		{707EC4AF-8346-42C9-B489-E79B377A85B9} = {FDB86AE2-6E01-4636-805C-1CA02EFD014C}
		{60508165-8C6D-4AA3-9A3A-6E366D63A2D4} = {FDB86AE2-6E01-4636-805C-1CA02EFD014C}
		{6C87DDB8-E8E8-4E88-8C6A-93EB120D5C40} = {1F2C70E6-90B7-4987-8E1F-F582FBE5E5F3}
		{290A1774-A145-48D2-BFDA-83B98132DBF7} = {1F2C70E6-90B7-4987-8E1F-F582FBE5E5F3}
		{0DD9C068-4631-42ED-8144-BCD556A6DC3A} = {1F2C70E6-90B7-4987-8E1F-F582FBE5E5F3}
		{31305662-A11A-4698-B9A5-68E26038B23E} = {1F2C70E6-90B7-4987-8E1F-F582FBE5E5F3}
		{816669C4-C66B-4C8D-AB75-DF2ACE55FE0D} = {1F2C70E6-90B7-4987-8E1F-F582FBE5E5F3}
		{115EB644-D57A-4000-8DA0-AB81B18DC361} = {FDB86AE2-6E01-4636-805C-1CA02EFD014C}
		{AAA31A10-4E5E-44B3-A8E0-BFF903AD8041} = {FDB86AE2-6E01-4636-805C-1CA02EFD014C}
		{5E4320E9-C004-4B36-A1E7-D566B3A6EF91} = {1F2C70E6-90B7-4987-8E1F-F582FBE5E5F3}
		{61916B8E-A246-49E4-BACE-18A7F641D52E} = {1F2C70E6-90B7-4987-8E1F-F582FBE5E5F3}
	EndGlobalSection
	GlobalSection(ExtensibilityGlobals) = postSolution
		SolutionGuid = {DBBF78FE-2880-425A-AC0E-2407C15EA2BA}
	EndGlobalSection
EndGlobal
